
Microsoft Visual Studio Solution File, Format Version 12.00
# Visual Studio Version 17
VisualStudioVersion = 17.2.32602.215
MinimumVisualStudioVersion = 10.0.40219.1
Project("{FAE04EC0-301F-11D3-BF4B-00C04F79EFBC}") = "I_Examan_Practice2", "I_Examan_Practice2\I_Examan_Practice2.csproj", "{0C662831-9D29-4E74-8ACE-4149FCF8ADCE}"
EndProject
Global
	GlobalSection(SolutionConfigurationPlatforms) = preSolution
		Debug|Any CPU = Debug|Any CPU
		Release|Any CPU = Release|Any CPU
	EndGlobalSection
	GlobalSection(ProjectConfigurationPlatforms) = postSolution
		{0C662831-9D29-4E74-8ACE-4149FCF8ADCE}.Debug|Any CPU.ActiveCfg = Debug|Any CPU
		{0C662831-9D29-4E74-8ACE-4149FCF8ADCE}.Debug|Any CPU.Build.0 = Debug|Any CPU
		{0C662831-9D29-4E74-8ACE-4149FCF8ADCE}.Release|Any CPU.ActiveCfg = Release|Any CPU
		{0C662831-9D29-4E74-8ACE-4149FCF8ADCE}.Release|Any CPU.Build.0 = Release|Any CPU
	EndGlobalSection
	GlobalSection(SolutionProperties) = preSolution
		HideSolutionNode = FALSE
	EndGlobalSection
	GlobalSection(ExtensibilityGlobals) = postSolution
		SolutionGuid = {6BDAF115-4BDC-4294-BD38-6D1491535408}
	EndGlobalSection
EndGlobal
